
Microsoft Visual Studio Solution File, Format Version 12.00
# Visual Studio 15
VisualStudioVersion = 15.0.28307.168
MinimumVisualStudioVersion = 10.0.40219.1
Project("{8BC9CEB8-8B4A-11D0-8D11-00A0C91BC942}") = "PhysicsModeling", "PhysicsModeling\PhysicsModeling.vcxproj", "{898F2EE2-6DFF-414E-9437-5CC6BEA8DA48}"
EndProject
Global
	GlobalSection(SolutionConfigurationPlatforms) = preSolution
		Debug|x64 = Debug|x64
		Debug|x86 = Debug|x86
		Release|x64 = Release|x64
		Release|x86 = Release|x86
	EndGlobalSection
	GlobalSection(ProjectConfigurationPlatforms) = postSolution
		{898F2EE2-6DFF-414E-9437-5CC6BEA8DA48}.Debug|x64.ActiveCfg = Debug|x64
		{898F2EE2-6DFF-414E-9437-5CC6BEA8DA48}.Debug|x64.Build.0 = Debug|x64
		{898F2EE2-6DFF-414E-9437-5CC6BEA8DA48}.Debug|x86.ActiveCfg = Debug|Win32
		{898F2EE2-6DFF-414E-9437-5CC6BEA8DA48}.Debug|x86.Build.0 = Debug|Win32
		{898F2EE2-6DFF-414E-9437-5CC6BEA8DA48}.Release|x64.ActiveCfg = Release|x64
		{898F2EE2-6DFF-414E-9437-5CC6BEA8DA48}.Release|x64.Build.0 = Release|x64
		{898F2EE2-6DFF-414E-9437-5CC6BEA8DA48}.Release|x86.ActiveCfg = Release|Win32
		{898F2EE2-6DFF-414E-9437-5CC6BEA8DA48}.Release|x86.Build.0 = Release|Win32
	EndGlobalSection
	GlobalSection(SolutionProperties) = preSolution
		HideSolutionNode = FALSE
	EndGlobalSection
	GlobalSection(ExtensibilityGlobals) = postSolution
		SolutionGuid = {1B609D58-8B8F-497C-B0B3-03F46E950B33}
	EndGlobalSection
EndGlobal
